
Microsoft Visual Studio Solution File, Format Version 12.00
# Visual Studio 15
VisualStudioVersion = 15.0.28307.902
MinimumVisualStudioVersion = 10.0.40219.1
Project("{FAE04EC0-301F-11D3-BF4B-00C04F79EFBC}") = "2019030066", "2019030066\2019030066.csproj", "{538E862C-19E3-42BE-95D8-1E4E6E582B49}"
EndProject
Global
	GlobalSection(SolutionConfigurationPlatforms) = preSolution
		Debug|Any CPU = Debug|Any CPU
		Release|Any CPU = Release|Any CPU
	EndGlobalSection
	GlobalSection(ProjectConfigurationPlatforms) = postSolution
		{538E862C-19E3-42BE-95D8-1E4E6E582B49}.Debug|Any CPU.ActiveCfg = Debug|Any CPU
		{538E862C-19E3-42BE-95D8-1E4E6E582B49}.Debug|Any CPU.Build.0 = Debug|Any CPU
		{538E862C-19E3-42BE-95D8-1E4E6E582B49}.Release|Any CPU.ActiveCfg = Release|Any CPU
		{538E862C-19E3-42BE-95D8-1E4E6E582B49}.Release|Any CPU.Build.0 = Release|Any CPU
	EndGlobalSection
	GlobalSection(SolutionProperties) = preSolution
		HideSolutionNode = FALSE
	EndGlobalSection
	GlobalSection(ExtensibilityGlobals) = postSolution
		SolutionGuid = {24F73649-218A-487B-813A-3A4BF2C517EF}
	EndGlobalSection
EndGlobal
